
Microsoft Visual Studio Solution File, Format Version 12.00
# Visual Studio Version 17
VisualStudioVersion = 17.2.32516.85
MinimumVisualStudioVersion = 10.0.40219.1
Project("{FAE04EC0-301F-11D3-BF4B-00C04F79EFBC}") = "payment", "payment\payment.csproj", "{29EF3AC7-B8D7-46B4-96A6-A5AAC84AC3E5}"
EndProject
Global
	GlobalSection(SolutionConfigurationPlatforms) = preSolution
		Debug|Any CPU = Debug|Any CPU
		Release|Any CPU = Release|Any CPU
	EndGlobalSection
	GlobalSection(ProjectConfigurationPlatforms) = postSolution
		{29EF3AC7-B8D7-46B4-96A6-A5AAC84AC3E5}.Debug|Any CPU.ActiveCfg = Debug|Any CPU
		{29EF3AC7-B8D7-46B4-96A6-A5AAC84AC3E5}.Debug|Any CPU.Build.0 = Debug|Any CPU
		{29EF3AC7-B8D7-46B4-96A6-A5AAC84AC3E5}.Release|Any CPU.ActiveCfg = Release|Any CPU
		{29EF3AC7-B8D7-46B4-96A6-A5AAC84AC3E5}.Release|Any CPU.Build.0 = Release|Any CPU
	EndGlobalSection
	GlobalSection(SolutionProperties) = preSolution
		HideSolutionNode = FALSE
	EndGlobalSection
	GlobalSection(ExtensibilityGlobals) = postSolution
		SolutionGuid = {EC857291-4E31-41FB-BE7D-BC3706DFF027}
	EndGlobalSection
EndGlobal
